
Microsoft Visual Studio Solution File, Format Version 12.00
Project("{FAE04EC0-301F-11D3-BF4B-00C04F79EFBC}") = "VMirror", "VMirror\VMirror.csproj", "{67283FCB-193F-4B4D-85D6-C598A8950FFF}"
EndProject
Global
	GlobalSection(SolutionConfigurationPlatforms) = preSolution
		Debug|Any CPU = Debug|Any CPU
		Release|Any CPU = Release|Any CPU
	EndGlobalSection
	GlobalSection(ProjectConfigurationPlatforms) = postSolution
		{67283FCB-193F-4B4D-85D6-C598A8950FFF}.Debug|Any CPU.ActiveCfg = Debug|Any CPU
		{67283FCB-193F-4B4D-85D6-C598A8950FFF}.Debug|Any CPU.Build.0 = Debug|Any CPU
		{67283FCB-193F-4B4D-85D6-C598A8950FFF}.Release|Any CPU.ActiveCfg = Release|Any CPU
		{67283FCB-193F-4B4D-85D6-C598A8950FFF}.Release|Any CPU.Build.0 = Release|Any CPU
	EndGlobalSection
EndGlobal
